
Microsoft Visual Studio Solution File, Format Version 12.00
# Visual Studio Version 17
VisualStudioVersion = 17.14.36221.1 d17.14
MinimumVisualStudioVersion = 10.0.40219.1
Project("{FAE04EC0-301F-11D3-BF4B-00C04F79EFBC}") = "Secure Files", "Secure Files.csproj", "{0856809A-8ABF-46FD-9E32-978C3534802D}"
EndProject
Global
	GlobalSection(SolutionConfigurationPlatforms) = preSolution
		Debug|Any CPU = Debug|Any CPU
		Release|Any CPU = Release|Any CPU
	EndGlobalSection
	GlobalSection(ProjectConfigurationPlatforms) = postSolution
		{0856809A-8ABF-46FD-9E32-978C3534802D}.Debug|Any CPU.ActiveCfg = Debug|Any CPU
		{0856809A-8ABF-46FD-9E32-978C3534802D}.Debug|Any CPU.Build.0 = Debug|Any CPU
		{0856809A-8ABF-46FD-9E32-978C3534802D}.Release|Any CPU.ActiveCfg = Release|Any CPU
		{0856809A-8ABF-46FD-9E32-978C3534802D}.Release|Any CPU.Build.0 = Release|Any CPU
	EndGlobalSection
	GlobalSection(SolutionProperties) = preSolution
		HideSolutionNode = FALSE
	EndGlobalSection
	GlobalSection(ExtensibilityGlobals) = postSolution
		SolutionGuid = {9AD6B90E-2823-444F-B61B-3F66C4CBA3CA}
	EndGlobalSection
EndGlobal
